PODS:
  - Alamofire (4.7.1)
  - AlamofireNetworkActivityIndicator (2.2.1):
    - Alamofire (~> 4.7)
  - Crashlytics (3.10.1):
    - Fabric (~> 1.7.5)
  - Fabric (1.7.6)
  - ObjectMapper (3.1.0)
  - ReSwift (4.0.1)

DEPENDENCIES:
  - Alamofire
  - AlamofireNetworkActivityIndicator
  - Crashlytics
  - Fabric
  - ObjectMapper
  - ReSwift

SPEC REPOS:
  https://github.com/CocoaPods/Specs.git:
    - Alamofire
    - AlamofireNetworkActivityIndicator
    - Crashlytics
    - Fabric
    - ObjectMapper
    - ReSwift

SPEC CHECKSUMS:
  Alamofire: 68d7d521118d49c615a8d2214d87cdf525599d30
  AlamofireNetworkActivityIndicator: aeac50e6ecb78ec71a5f1f29098bcf4ec2962910
  Crashlytics: aee1a064cbbf99b32efa3f056a5f458d846bc8ff
  Fabric: f8d42c893bb187326a7968b62abe55c36a987a46
  ObjectMapper: 20505058f54e5c3ca69e1d6de9897d152a5369a6
  ReSwift: f4012c613e13da7398827fe5aebdb938eaed40a3

PODFILE CHECKSUM: 0369c9791f0edb245d8b3c26e4221a3fe493a1bf

COCOAPODS: 1.5.0
